
Microsoft Visual Studio Solution File, Format Version 12.00
# Visual Studio Version 16
VisualStudioVersion = 16.0.31911.196
MinimumVisualStudioVersion = 10.0.40219.1
Project("{FAE04EC0-301F-11D3-BF4B-00C04F79EFBC}") = "task_3.4.3", "task_3.4.3.csproj", "{8EDF351E-BED9-470D-B010-84A5D6115480}"
EndProject
Global
	GlobalSection(SolutionConfigurationPlatforms) = preSolution
		Debug|Any CPU = Debug|Any CPU
		Release|Any CPU = Release|Any CPU
	EndGlobalSection
	GlobalSection(ProjectConfigurationPlatforms) = postSolution
		{8EDF351E-BED9-470D-B010-84A5D6115480}.Debug|Any CPU.ActiveCfg = Debug|Any CPU
		{8EDF351E-BED9-470D-B010-84A5D6115480}.Debug|Any CPU.Build.0 = Debug|Any CPU
		{8EDF351E-BED9-470D-B010-84A5D6115480}.Release|Any CPU.ActiveCfg = Release|Any CPU
		{8EDF351E-BED9-470D-B010-84A5D6115480}.Release|Any CPU.Build.0 = Release|Any CPU
	EndGlobalSection
	GlobalSection(SolutionProperties) = preSolution
		HideSolutionNode = FALSE
	EndGlobalSection
	GlobalSection(ExtensibilityGlobals) = postSolution
		SolutionGuid = {4662107F-BF43-40B5-A554-1940CB0ED87C}
	EndGlobalSection
EndGlobal
